
Microsoft Visual Studio Solution File, Format Version 12.00
# Visual Studio 15
VisualStudioVersion = 15.0.27703.2026
MinimumVisualStudioVersion = 10.0.40219.1
Project("{FAE04EC0-301F-11D3-BF4B-00C04F79EFBC}") = "WheelOfFate.WebAPI", "WheelOfFate.WebAPI\WheelOfFate.WebAPI.csproj", "{1C59D19C-1DF3-4264-A5FD-A19CB35C8D04}"
EndProject
Global
	GlobalSection(SolutionConfigurationPlatforms) = preSolution
		Debug|Any CPU = Debug|Any CPU
		Release|Any CPU = Release|Any CPU
	EndGlobalSection
	GlobalSection(ProjectConfigurationPlatforms) = postSolution
		{1C59D19C-1DF3-4264-A5FD-A19CB35C8D04}.Debug|Any CPU.ActiveCfg = Debug|Any CPU
		{1C59D19C-1DF3-4264-A5FD-A19CB35C8D04}.Debug|Any CPU.Build.0 = Debug|Any CPU
		{1C59D19C-1DF3-4264-A5FD-A19CB35C8D04}.Release|Any CPU.ActiveCfg = Release|Any CPU
		{1C59D19C-1DF3-4264-A5FD-A19CB35C8D04}.Release|Any CPU.Build.0 = Release|Any CPU
	EndGlobalSection
	GlobalSection(SolutionProperties) = preSolution
		HideSolutionNode = FALSE
	EndGlobalSection
	GlobalSection(ExtensibilityGlobals) = postSolution
		SolutionGuid = {020D8F05-32C8-489C-BE11-111B4E4F2B4D}
	EndGlobalSection
EndGlobal
